
Microsoft Visual Studio Solution File, Format Version 12.00
# Visual Studio Version 17
VisualStudioVersion = 17.8.34322.80
MinimumVisualStudioVersion = 10.0.40219.1
Project("{FAE04EC0-301F-11D3-BF4B-00C04F79EFBC}") = "ADO.NET", "ADO.NET.csproj", "{62B02B50-BF26-475C-A82E-F23F519C8D65}"
EndProject
Global
	GlobalSection(SolutionConfigurationPlatforms) = preSolution
		Debug|Any CPU = Debug|Any CPU
		Release|Any CPU = Release|Any CPU
	EndGlobalSection
	GlobalSection(ProjectConfigurationPlatforms) = postSolution
		{62B02B50-BF26-475C-A82E-F23F519C8D65}.Debug|Any CPU.ActiveCfg = Debug|Any CPU
		{62B02B50-BF26-475C-A82E-F23F519C8D65}.Debug|Any CPU.Build.0 = Debug|Any CPU
		{62B02B50-BF26-475C-A82E-F23F519C8D65}.Release|Any CPU.ActiveCfg = Release|Any CPU
		{62B02B50-BF26-475C-A82E-F23F519C8D65}.Release|Any CPU.Build.0 = Release|Any CPU
	EndGlobalSection
	GlobalSection(SolutionProperties) = preSolution
		HideSolutionNode = FALSE
	EndGlobalSection
	GlobalSection(ExtensibilityGlobals) = postSolution
		SolutionGuid = {A2243CE6-F2E9-4446-BAF0-89BBC2100E6F}
	EndGlobalSection
EndGlobal
